
Microsoft Visual Studio Solution File, Format Version 12.00
# Visual Studio Version 17
VisualStudioVersion = 17.6.33712.159
MinimumVisualStudioVersion = 10.0.40219.1
Project("{9A19103F-16F7-4668-BE54-9A1E7A4F7556}") = "Shelyak.Uvex.Web", "Shelyak.Uvex.Web\Shelyak.Uvex.Web.csproj", "{7CCA8AED-0D59-47A5-ACE0-597719C29139}"
EndProject
Project("{9A19103F-16F7-4668-BE54-9A1E7A4F7556}") = "Shelyak.Usis", "Shelyak.Usis\Shelyak.Usis.csproj", "{5662ADF7-F072-43DD-BF4E-A6670D54AAC2}"
EndProject
Project("{9A19103F-16F7-4668-BE54-9A1E7A4F7556}") = "Shelyak.Usis.Test", "Shelyak.Usis.Test\Shelyak.Usis.Test.csproj", "{8A0CDDEE-DE81-472E-A072-56DC08D9EC73}"
EndProject
Project("{2150E333-8FDC-42A3-9474-1A3956D46DE8}") = "Documents", "Documents", "{D798D482-5ABA-4F53-89E3-117CE00ACA74}"
	ProjectSection(SolutionItems) = preProject
		LICENSE.md = LICENSE.md
		README.md = README.md
	EndProjectSection
EndProject
Project("{FAE04EC0-301F-11D3-BF4B-00C04F79EFBC}") = "Shelyak.Uvex.Ascom", "Shelyak.Uvex.Ascom\Shelyak.Uvex.Ascom.csproj", "{C708E487-E3A9-4073-A545-294B88674225}"
EndProject
Project("{FAE04EC0-301F-11D3-BF4B-00C04F79EFBC}") = "Shelyak.Uvex.Alpaca", "Shelyak.Uvex.Alpaca\Shelyak.Uvex.Alpaca.csproj", "{0825250B-B7EF-4F6F-A858-E53488DCA50A}"
EndProject
Project("{2150E333-8FDC-42A3-9474-1A3956D46DE8}") = "InnoSetup", "InnoSetup", "{14151EBF-8E63-408B-8795-AC10A839EE7E}"
	ProjectSection(SolutionItems) = preProject
		InnoSetup\Setup.iss = InnoSetup\Setup.iss
		InnoSetup\Build.ps1 = InnoSetup\Build.ps1
	EndProjectSection
EndProject
Project("{2150E333-8FDC-42A3-9474-1A3956D46DE8}") = ".github", ".github", "{A089A019-E78C-4728-9B9D-B6430F8D6FA0}"
	ProjectSection(SolutionItems) = preProject
		.github\GitVersion.yml = .github\GitVersion.yml
		.github\pr-labeler.yml = .github\pr-labeler.yml
		.github\GitVersion-Release.yml = .github\GitVersion-Release.yml
		.github\release-changelog-builder-configuration.json = .github\release-changelog-builder-configuration.json
	EndProjectSection
EndProject
Project("{2150E333-8FDC-42A3-9474-1A3956D46DE8}") = "workflows", "workflows", "{054BD1DA-CDB0-47C0-AA8D-B6B22173FF9C}"
	ProjectSection(SolutionItems) = preProject
		.github\workflows\sw_build.yml = .github\workflows\sw_build.yml
		.github\workflows\sw_gitversion.yml = .github\workflows\sw_gitversion.yml
		.github\workflows\sw_init-workflow.yml = .github\workflows\sw_init-workflow.yml
		.github\workflows\sw_build-inno-setup.yml = .github\workflows\sw_build-inno-setup.yml
		.github\workflows\Pre-Version.yml = .github\workflows\Pre-Version.yml
		.github\workflows\Release.yml = .github\workflows\Release.yml
		.github\workflows\Pull-Request.yml = .github\workflows\Pull-Request.yml
		.github\workflows\sw_tag-release.yml = .github\workflows\sw_tag-release.yml
		.github\workflows\Pull-Request-Labeler.yml = .github\workflows\Pull-Request-Labeler.yml
		.github\workflows\sw_gitversion-updateassemblyinfo.yml = .github\workflows\sw_gitversion-updateassemblyinfo.yml
	EndProjectSection
EndProject
Global
	GlobalSection(SolutionConfigurationPlatforms) = preSolution
		Debug|Any CPU = Debug|Any CPU
		Release|Any CPU = Release|Any CPU
	EndGlobalSection
	GlobalSection(ProjectConfigurationPlatforms) = postSolution
		{7CCA8AED-0D59-47A5-ACE0-597719C29139}.Debug|Any CPU.ActiveCfg = Debug|Any CPU
		{7CCA8AED-0D59-47A5-ACE0-597719C29139}.Debug|Any CPU.Build.0 = Debug|Any CPU
		{7CCA8AED-0D59-47A5-ACE0-597719C29139}.Release|Any CPU.ActiveCfg = Release|Any CPU
		{7CCA8AED-0D59-47A5-ACE0-597719C29139}.Release|Any CPU.Build.0 = Release|Any CPU
		{5662ADF7-F072-43DD-BF4E-A6670D54AAC2}.Debug|Any CPU.ActiveCfg = Debug|Any CPU
		{5662ADF7-F072-43DD-BF4E-A6670D54AAC2}.Debug|Any CPU.Build.0 = Debug|Any CPU
		{5662ADF7-F072-43DD-BF4E-A6670D54AAC2}.Release|Any CPU.ActiveCfg = Release|Any CPU
		{5662ADF7-F072-43DD-BF4E-A6670D54AAC2}.Release|Any CPU.Build.0 = Release|Any CPU
		{8A0CDDEE-DE81-472E-A072-56DC08D9EC73}.Debug|Any CPU.ActiveCfg = Debug|Any CPU
		{8A0CDDEE-DE81-472E-A072-56DC08D9EC73}.Debug|Any CPU.Build.0 = Debug|Any CPU
		{8A0CDDEE-DE81-472E-A072-56DC08D9EC73}.Release|Any CPU.ActiveCfg = Release|Any CPU
		{8A0CDDEE-DE81-472E-A072-56DC08D9EC73}.Release|Any CPU.Build.0 = Release|Any CPU
		{C708E487-E3A9-4073-A545-294B88674225}.Debug|Any CPU.ActiveCfg = Debug|Any CPU
		{C708E487-E3A9-4073-A545-294B88674225}.Debug|Any CPU.Build.0 = Debug|Any CPU
		{C708E487-E3A9-4073-A545-294B88674225}.Release|Any CPU.ActiveCfg = Release|Any CPU
		{C708E487-E3A9-4073-A545-294B88674225}.Release|Any CPU.Build.0 = Release|Any CPU
		{0825250B-B7EF-4F6F-A858-E53488DCA50A}.Debug|Any CPU.ActiveCfg = Debug|Any CPU
		{0825250B-B7EF-4F6F-A858-E53488DCA50A}.Debug|Any CPU.Build.0 = Debug|Any CPU
		{0825250B-B7EF-4F6F-A858-E53488DCA50A}.Release|Any CPU.ActiveCfg = Release|Any CPU
		{0825250B-B7EF-4F6F-A858-E53488DCA50A}.Release|Any CPU.Build.0 = Release|Any CPU
	EndGlobalSection
	GlobalSection(SolutionProperties) = preSolution
		HideSolutionNode = FALSE
	EndGlobalSection
	GlobalSection(ExtensibilityGlobals) = postSolution
		SolutionGuid = {1470826E-1C53-4645-A7EA-7771AA9017D5}
	EndGlobalSection
	GlobalSection(NestedProjects) = preSolution
		{054BD1DA-CDB0-47C0-AA8D-B6B22173FF9C} = {A089A019-E78C-4728-9B9D-B6430F8D6FA0}
	EndGlobalSection
EndGlobal
