
Microsoft Visual Studio Solution File, Format Version 12.00
# Visual Studio Version 17
VisualStudioVersion = 17.6.33712.159
MinimumVisualStudioVersion = 10.0.40219.1
Project("{9A19103F-16F7-4668-BE54-9A1E7A4F7556}") = "Shelyak.Usis", "Shelyak.Usis\Shelyak.Usis.csproj", "{5662ADF7-F072-43DD-BF4E-A6670D54AAC2}"
EndProject
Project("{FAE04EC0-301F-11D3-BF4B-00C04F79EFBC}") = "Shelyak.Uvex.Ascom", "Shelyak.Uvex.Ascom\Shelyak.Uvex.Ascom.csproj", "{C708E487-E3A9-4073-A545-294B88674225}"
EndProject
Project("{9A19103F-16F7-4668-BE54-9A1E7A4F7556}") = "Shelyak.Uvex.Alpaca", "Shelyak.Uvex.Alpaca\Shelyak.Uvex.Alpaca.csproj", "{0825250B-B7EF-4F6F-A858-E53488DCA50A}"
EndProject
Global
	GlobalSection(SolutionConfigurationPlatforms) = preSolution
		Debug|Any CPU = Debug|Any CPU
		Release|Any CPU = Release|Any CPU
	EndGlobalSection
	GlobalSection(ProjectConfigurationPlatforms) = postSolution
		{5662ADF7-F072-43DD-BF4E-A6670D54AAC2}.Debug|Any CPU.ActiveCfg = Debug|Any CPU
		{5662ADF7-F072-43DD-BF4E-A6670D54AAC2}.Debug|Any CPU.Build.0 = Debug|Any CPU
		{5662ADF7-F072-43DD-BF4E-A6670D54AAC2}.Release|Any CPU.ActiveCfg = Release|Any CPU
		{5662ADF7-F072-43DD-BF4E-A6670D54AAC2}.Release|Any CPU.Build.0 = Release|Any CPU
		{C708E487-E3A9-4073-A545-294B88674225}.Debug|Any CPU.ActiveCfg = Debug|Any CPU
		{C708E487-E3A9-4073-A545-294B88674225}.Debug|Any CPU.Build.0 = Debug|Any CPU
		{C708E487-E3A9-4073-A545-294B88674225}.Release|Any CPU.ActiveCfg = Release|Any CPU
		{C708E487-E3A9-4073-A545-294B88674225}.Release|Any CPU.Build.0 = Release|Any CPU
		{0825250B-B7EF-4F6F-A858-E53488DCA50A}.Debug|Any CPU.ActiveCfg = Debug|Any CPU
		{0825250B-B7EF-4F6F-A858-E53488DCA50A}.Debug|Any CPU.Build.0 = Debug|Any CPU
		{0825250B-B7EF-4F6F-A858-E53488DCA50A}.Release|Any CPU.ActiveCfg = Release|Any CPU
		{0825250B-B7EF-4F6F-A858-E53488DCA50A}.Release|Any CPU.Build.0 = Release|Any CPU
	EndGlobalSection
	GlobalSection(SolutionProperties) = preSolution
		HideSolutionNode = FALSE
	EndGlobalSection
	GlobalSection(ExtensibilityGlobals) = postSolution
		SolutionGuid = {1470826E-1C53-4645-A7EA-7771AA9017D5}
	EndGlobalSection
EndGlobal
